// !$*UTF8*$!
{
	archiveVersion = 1;
	classes = {
	};
	objectVersion = 55;
	objects = {

/* Begin PBXBuildFile section */
		8E246398276373A30047455D /* AudioToolbox.framework in Frameworks */ = {isa = PBXBuildFile; fileRef = 8E246397276373A30047455D /* AudioToolbox.framework */; };
		8E24639A276650400047455D /* KeychainHelper.swift in Sources */ = {isa = PBXBuildFile; fileRef = 8E2463992766503F0047455D /* KeychainHelper.swift */; };
		8E24639C276769BD0047455D /* DateConverter.swift in Sources */ = {isa = PBXBuildFile; fileRef = 8E24639B276769BC0047455D /* DateConverter.swift */; };
		8E24639E2767D08D0047455D /* OrdersViewModel.swift in Sources */ = {isa = PBXBuildFile; fileRef = 8E24639D2767D08D0047455D /* OrdersViewModel.swift */; };
		8E3BAD65277C7463004756FB /* AddRemoveFavouriteView.swift in Sources */ = {isa = PBXBuildFile; fileRef = 8E3BAD64277C7463004756FB /* AddRemoveFavouriteView.swift */; };
		8E3BAD67277CD667004756FB /* ApplePayManager.swift in Sources */ = {isa = PBXBuildFile; fileRef = 8E3BAD66277CD667004756FB /* ApplePayManager.swift */; };
		8E3BAD69277CE1DD004756FB /* PaymentButton.swift in Sources */ = {isa = PBXBuildFile; fileRef = 8E3BAD68277CE1DD004756FB /* PaymentButton.swift */; };
		8E3E7436275CBBE000EC28A5 /* LAnotte_appApp.swift in Sources */ = {isa = PBXBuildFile; fileRef = 8E3E7435275CBBE000EC28A5 /* LAnotte_appApp.swift */; };
		8E3E7438275CBBE000EC28A5 /* MainTabView.swift in Sources */ = {isa = PBXBuildFile; fileRef = 8E3E7437275CBBE000EC28A5 /* MainTabView.swift */; };
		8E3E743A275CBBE300EC28A5 /* Assets.xcassets in Resources */ = {isa = PBXBuildFile; fileRef = 8E3E7439275CBBE300EC28A5 /* Assets.xcassets */; };
		8E3E743D275CBBE300EC28A5 /* Preview Assets.xcassets in Resources */ = {isa = PBXBuildFile; fileRef = 8E3E743C275CBBE300EC28A5 /* Preview Assets.xcassets */; };
		8E3E7447275CBBE400EC28A5 /* LAnotte_appTests.swift in Sources */ = {isa = PBXBuildFile; fileRef = 8E3E7446275CBBE400EC28A5 /* LAnotte_appTests.swift */; };
		8E3E7451275CBBE400EC28A5 /* LAnotte_appUITests.swift in Sources */ = {isa = PBXBuildFile; fileRef = 8E3E7450275CBBE400EC28A5 /* LAnotte_appUITests.swift */; };
		8E3E7453275CBBE400EC28A5 /* LAnotte_appUITestsLaunchTests.swift in Sources */ = {isa = PBXBuildFile; fileRef = 8E3E7452275CBBE400EC28A5 /* LAnotte_appUITestsLaunchTests.swift */; };
		8E3E7460275CCC9800EC28A5 /* HomeView.swift in Sources */ = {isa = PBXBuildFile; fileRef = 8E3E745F275CCC9800EC28A5 /* HomeView.swift */; };
		8E3E7462275CCCD900EC28A5 /* PerMeView.swift in Sources */ = {isa = PBXBuildFile; fileRef = 8E3E7461275CCCD900EC28A5 /* PerMeView.swift */; };
		8E3E7464275CCCF900EC28A5 /* ArchivioView.swift in Sources */ = {isa = PBXBuildFile; fileRef = 8E3E7463275CCCF900EC28A5 /* ArchivioView.swift */; };
		8E3E7466275CCD0A00EC28A5 /* OrderView.swift in Sources */ = {isa = PBXBuildFile; fileRef = 8E3E7465275CCD0A00EC28A5 /* OrderView.swift */; };
		8E3E746C275CD49B00EC28A5 /* Product_class.swift in Sources */ = {isa = PBXBuildFile; fileRef = 8E3E746B275CD49B00EC28A5 /* Product_class.swift */; };
		8E3E746E275CD8E400EC28A5 /* User.swift in Sources */ = {isa = PBXBuildFile; fileRef = 8E3E746D275CD8E400EC28A5 /* User.swift */; };
		8E3E7470275CD94700EC28A5 /* Business_class.swift in Sources */ = {isa = PBXBuildFile; fileRef = 8E3E746F275CD94700EC28A5 /* Business_class.swift */; };
		8E3E7472275CDA1A00EC28A5 /* Order.swift in Sources */ = {isa = PBXBuildFile; fileRef = 8E3E7471275CDA1A00EC28A5 /* Order.swift */; };
		8E3E7475275CDC5400EC28A5 /* LocaliView.swift in Sources */ = {isa = PBXBuildFile; fileRef = 8E3E7474275CDC5400EC28A5 /* LocaliView.swift */; };
		8E3E7477275CDC6200EC28A5 /* ProdottiView.swift in Sources */ = {isa = PBXBuildFile; fileRef = 8E3E7476275CDC6200EC28A5 /* ProdottiView.swift */; };
		8E3E747C275D1E4B00EC28A5 /* Global_variables.swift in Sources */ = {isa = PBXBuildFile; fileRef = 8E3E747B275D1E4B00EC28A5 /* Global_variables.swift */; };
		8E3E7480275E187A00EC28A5 /* Product.swift in Sources */ = {isa = PBXBuildFile; fileRef = 8E3E747F275E187A00EC28A5 /* Product.swift */; };
		8E3E7482275E195C00EC28A5 /* Business.swift in Sources */ = {isa = PBXBuildFile; fileRef = 8E3E7481275E195C00EC28A5 /* Business.swift */; };
		8E3E7484275E971800EC28A5 /* LocaliViewModel.swift in Sources */ = {isa = PBXBuildFile; fileRef = 8E3E7483275E971600EC28A5 /* LocaliViewModel.swift */; };
		8E3E7486275F6CEC00EC28A5 /* LAnotteRoundedImageView.swift in Sources */ = {isa = PBXBuildFile; fileRef = 8E3E7485275F6CEB00EC28A5 /* LAnotteRoundedImageView.swift */; };
		8E3E7488275F739D00EC28A5 /* BusinessDetailView.swift in Sources */ = {isa = PBXBuildFile; fileRef = 8E3E7487275F739D00EC28A5 /* BusinessDetailView.swift */; };
		8E3E748A275F78EC00EC28A5 /* HiddenNavigationBar.swift in Sources */ = {isa = PBXBuildFile; fileRef = 8E3E7489275F78EB00EC28A5 /* HiddenNavigationBar.swift */; };
		8EA0ABB72760E1A400038D54 /* LAnotteProductPriceView.swift in Sources */ = {isa = PBXBuildFile; fileRef = 8EA0ABB62760E1A400038D54 /* LAnotteProductPriceView.swift */; };
		8EA0ABBB2761063D00038D54 /* LAnotteProductIngredientsView.swift in Sources */ = {isa = PBXBuildFile; fileRef = 8EA0ABBA2761063D00038D54 /* LAnotteProductIngredientsView.swift */; };
		8EA0ABBD2761069800038D54 /* LAnotteProductNameAndStampsView.swift in Sources */ = {isa = PBXBuildFile; fileRef = 8EA0ABBC2761069800038D54 /* LAnotteProductNameAndStampsView.swift */; };
		8EA7B3972773A15100B34F65 /* UserViewModel.swift in Sources */ = {isa = PBXBuildFile; fileRef = 8EA7B3962773A15100B34F65 /* UserViewModel.swift */; };
		8EE7124C277249E200422F32 /* LAnotteSearchBar.swift in Sources */ = {isa = PBXBuildFile; fileRef = 8EE7124B277249E200422F32 /* LAnotteSearchBar.swift */; };
/* End PBXBuildFile section */

/* Begin PBXContainerItemProxy section */
		8E3E7443275CBBE400EC28A5 /* PBXContainerItemProxy */ = {
			isa = PBXContainerItemProxy;
			containerPortal = 8E3E742A275CBBE000EC28A5 /* Project object */;
			proxyType = 1;
			remoteGlobalIDString = 8E3E7431275CBBE000EC28A5;
			remoteInfo = LAnotte_app;
		};
		8E3E744D275CBBE400EC28A5 /* PBXContainerItemProxy */ = {
			isa = PBXContainerItemProxy;
			containerPortal = 8E3E742A275CBBE000EC28A5 /* Project object */;
			proxyType = 1;
			remoteGlobalIDString = 8E3E7431275CBBE000EC28A5;
			remoteInfo = LAnotte_app;
		};
/* End PBXContainerItemProxy section */

/* Begin PBXFileReference section */
		8E246395276373A30047455D /* LAnotte_app.entitlements */ = {isa = PBXFileReference; lastKnownFileType = text.plist.entitlements; path = LAnotte_app.entitlements; sourceTree = "<group>"; };
		8E246397276373A30047455D /* AudioToolbox.framework */ = {isa = PBXFileReference; lastKnownFileType = wrapper.framework; name = AudioToolbox.framework; path = System/Library/Frameworks/AudioToolbox.framework; sourceTree = SDKROOT; };
		8E2463992766503F0047455D /* KeychainHelper.swift */ = {isa = PBXFileReference; lastKnownFileType = sourcecode.swift; path = KeychainHelper.swift; sourceTree = "<group>"; };
		8E24639B276769BC0047455D /* DateConverter.swift */ = {isa = PBXFileReference; lastKnownFileType = sourcecode.swift; path = DateConverter.swift; sourceTree = "<group>"; };
		8E24639D2767D08D0047455D /* OrdersViewModel.swift */ = {isa = PBXFileReference; lastKnownFileType = sourcecode.swift; path = OrdersViewModel.swift; sourceTree = "<group>"; };
		8E3BAD64277C7463004756FB /* AddRemoveFavouriteView.swift */ = {isa = PBXFileReference; lastKnownFileType = sourcecode.swift; path = AddRemoveFavouriteView.swift; sourceTree = "<group>"; };
		8E3BAD66277CD667004756FB /* ApplePayManager.swift */ = {isa = PBXFileReference; lastKnownFileType = sourcecode.swift; path = ApplePayManager.swift; sourceTree = "<group>"; };
		8E3BAD68277CE1DD004756FB /* PaymentButton.swift */ = {isa = PBXFileReference; lastKnownFileType = sourcecode.swift; path = PaymentButton.swift; sourceTree = "<group>"; };
		8E3E7432275CBBE000EC28A5 /* LAnotte_app.app */ = {isa = PBXFileReference; explicitFileType = wrapper.application; includeInIndex = 0; path = LAnotte_app.app; sourceTree = BUILT_PRODUCTS_DIR; };
		8E3E7435275CBBE000EC28A5 /* LAnotte_appApp.swift */ = {isa = PBXFileReference; lastKnownFileType = sourcecode.swift; path = LAnotte_appApp.swift; sourceTree = "<group>"; };
		8E3E7437275CBBE000EC28A5 /* MainTabView.swift */ = {isa = PBXFileReference; lastKnownFileType = sourcecode.swift; path = MainTabView.swift; sourceTree = "<group>"; };
		8E3E7439275CBBE300EC28A5 /* Assets.xcassets */ = {isa = PBXFileReference; lastKnownFileType = folder.assetcatalog; path = Assets.xcassets; sourceTree = "<group>"; };
		8E3E743C275CBBE300EC28A5 /* Preview Assets.xcassets */ = {isa = PBXFileReference; lastKnownFileType = folder.assetcatalog; path = "Preview Assets.xcassets"; sourceTree = "<group>"; };
		8E3E7442275CBBE400EC28A5 /* LAnotte_appTests.xctest */ = {isa = PBXFileReference; explicitFileType = wrapper.cfbundle; includeInIndex = 0; path = LAnotte_appTests.xctest; sourceTree = BUILT_PRODUCTS_DIR; };
		8E3E7446275CBBE400EC28A5 /* LAnotte_appTests.swift */ = {isa = PBXFileReference; lastKnownFileType = sourcecode.swift; path = LAnotte_appTests.swift; sourceTree = "<group>"; };
		8E3E744C275CBBE400EC28A5 /* LAnotte_appUITests.xctest */ = {isa = PBXFileReference; explicitFileType = wrapper.cfbundle; includeInIndex = 0; path = LAnotte_appUITests.xctest; sourceTree = BUILT_PRODUCTS_DIR; };
		8E3E7450275CBBE400EC28A5 /* LAnotte_appUITests.swift */ = {isa = PBXFileReference; lastKnownFileType = sourcecode.swift; path = LAnotte_appUITests.swift; sourceTree = "<group>"; };
		8E3E7452275CBBE400EC28A5 /* LAnotte_appUITestsLaunchTests.swift */ = {isa = PBXFileReference; lastKnownFileType = sourcecode.swift; path = LAnotte_appUITestsLaunchTests.swift; sourceTree = "<group>"; };
		8E3E745F275CCC9800EC28A5 /* HomeView.swift */ = {isa = PBXFileReference; lastKnownFileType = sourcecode.swift; path = HomeView.swift; sourceTree = "<group>"; };
		8E3E7461275CCCD900EC28A5 /* PerMeView.swift */ = {isa = PBXFileReference; lastKnownFileType = sourcecode.swift; path = PerMeView.swift; sourceTree = "<group>"; };
		8E3E7463275CCCF900EC28A5 /* ArchivioView.swift */ = {isa = PBXFileReference; lastKnownFileType = sourcecode.swift; path = ArchivioView.swift; sourceTree = "<group>"; };
		8E3E7465275CCD0A00EC28A5 /* OrderView.swift */ = {isa = PBXFileReference; lastKnownFileType = sourcecode.swift; path = OrderView.swift; sourceTree = "<group>"; };
		8E3E746B275CD49B00EC28A5 /* Product_class.swift */ = {isa = PBXFileReference; lastKnownFileType = sourcecode.swift; path = Product_class.swift; sourceTree = "<group>"; };
		8E3E746D275CD8E400EC28A5 /* User.swift */ = {isa = PBXFileReference; lastKnownFileType = sourcecode.swift; path = User.swift; sourceTree = "<group>"; };
		8E3E746F275CD94700EC28A5 /* Business_class.swift */ = {isa = PBXFileReference; lastKnownFileType = sourcecode.swift; path = Business_class.swift; sourceTree = "<group>"; };
		8E3E7471275CDA1A00EC28A5 /* Order.swift */ = {isa = PBXFileReference; lastKnownFileType = sourcecode.swift; path = Order.swift; sourceTree = "<group>"; };
		8E3E7474275CDC5400EC28A5 /* LocaliView.swift */ = {isa = PBXFileReference; lastKnownFileType = sourcecode.swift; path = LocaliView.swift; sourceTree = "<group>"; };
		8E3E7476275CDC6200EC28A5 /* ProdottiView.swift */ = {isa = PBXFileReference; lastKnownFileType = sourcecode.swift; path = ProdottiView.swift; sourceTree = "<group>"; };
		8E3E747B275D1E4B00EC28A5 /* Global_variables.swift */ = {isa = PBXFileReference; lastKnownFileType = sourcecode.swift; path = Global_variables.swift; sourceTree = "<group>"; };
		8E3E747F275E187A00EC28A5 /* Product.swift */ = {isa = PBXFileReference; lastKnownFileType = sourcecode.swift; path = Product.swift; sourceTree = "<group>"; };
		8E3E7481275E195C00EC28A5 /* Business.swift */ = {isa = PBXFileReference; lastKnownFileType = sourcecode.swift; path = Business.swift; sourceTree = "<group>"; };
		8E3E7483275E971600EC28A5 /* LocaliViewModel.swift */ = {isa = PBXFileReference; lastKnownFileType = sourcecode.swift; path = LocaliViewModel.swift; sourceTree = "<group>"; };
		8E3E7485275F6CEB00EC28A5 /* LAnotteRoundedImageView.swift */ = {isa = PBXFileReference; lastKnownFileType = sourcecode.swift; path = LAnotteRoundedImageView.swift; sourceTree = "<group>"; };
		8E3E7487275F739D00EC28A5 /* BusinessDetailView.swift */ = {isa = PBXFileReference; lastKnownFileType = sourcecode.swift; path = BusinessDetailView.swift; sourceTree = "<group>"; };
		8E3E7489275F78EB00EC28A5 /* HiddenNavigationBar.swift */ = {isa = PBXFileReference; lastKnownFileType = sourcecode.swift; path = HiddenNavigationBar.swift; sourceTree = "<group>"; };
		8EA0ABB62760E1A400038D54 /* LAnotteProductPriceView.swift */ = {isa = PBXFileReference; lastKnownFileType = sourcecode.swift; path = LAnotteProductPriceView.swift; sourceTree = "<group>"; };
		8EA0ABBA2761063D00038D54 /* LAnotteProductIngredientsView.swift */ = {isa = PBXFileReference; lastKnownFileType = sourcecode.swift; path = LAnotteProductIngredientsView.swift; sourceTree = "<group>"; };
		8EA0ABBC2761069800038D54 /* LAnotteProductNameAndStampsView.swift */ = {isa = PBXFileReference; lastKnownFileType = sourcecode.swift; path = LAnotteProductNameAndStampsView.swift; sourceTree = "<group>"; };
		8EA7B3962773A15100B34F65 /* UserViewModel.swift */ = {isa = PBXFileReference; lastKnownFileType = sourcecode.swift; path = UserViewModel.swift; sourceTree = "<group>"; };
		8EE7124B277249E200422F32 /* LAnotteSearchBar.swift */ = {isa = PBXFileReference; lastKnownFileType = sourcecode.swift; path = LAnotteSearchBar.swift; sourceTree = "<group>"; };
/* End PBXFileReference section */

/* Begin PBXFrameworksBuildPhase section */
		8E3E742F275CBBE000EC28A5 /* Frameworks */ = {
			isa = PBXFrameworksBuildPhase;
			buildActionMask = 2147483647;
			files = (
				8E246398276373A30047455D /* AudioToolbox.framework in Frameworks */,
			);
			runOnlyForDeploymentPostprocessing = 0;
		};
		8E3E743F275CBBE400EC28A5 /* Frameworks */ = {
			isa = PBXFrameworksBuildPhase;
			buildActionMask = 2147483647;
			files = (
			);
			runOnlyForDeploymentPostprocessing = 0;
		};
		8E3E7449275CBBE400EC28A5 /* Frameworks */ = {
			isa = PBXFrameworksBuildPhase;
			buildActionMask = 2147483647;
			files = (
			);
			runOnlyForDeploymentPostprocessing = 0;
		};
/* End PBXFrameworksBuildPhase section */

/* Begin PBXGroup section */
		8E246396276373A30047455D /* Frameworks */ = {
			isa = PBXGroup;
			children = (
				8E246397276373A30047455D /* AudioToolbox.framework */,
			);
			name = Frameworks;
			sourceTree = "<group>";
		};
		8E3E7429275CBBE000EC28A5 = {
			isa = PBXGroup;
			children = (
				8E3E7434275CBBE000EC28A5 /* LAnotte_app */,
				8E3E7445275CBBE400EC28A5 /* LAnotte_appTests */,
				8E3E744F275CBBE400EC28A5 /* LAnotte_appUITests */,
				8E3E7433275CBBE000EC28A5 /* Products */,
				8E246396276373A30047455D /* Frameworks */,
			);
			sourceTree = "<group>";
		};
		8E3E7433275CBBE000EC28A5 /* Products */ = {
			isa = PBXGroup;
			children = (
				8E3E7432275CBBE000EC28A5 /* LAnotte_app.app */,
				8E3E7442275CBBE400EC28A5 /* LAnotte_appTests.xctest */,
				8E3E744C275CBBE400EC28A5 /* LAnotte_appUITests.xctest */,
			);
			name = Products;
			sourceTree = "<group>";
		};
		8E3E7434275CBBE000EC28A5 /* LAnotte_app */ = {
			isa = PBXGroup;
			children = (
				8E246395276373A30047455D /* LAnotte_app.entitlements */,
				8E3E7478275D1E0300EC28A5 /* data_utility */,
				8E3E7473275CDB6300EC28A5 /* views */,
				8E3E7467275CD43C00EC28A5 /* model */,
				8E3E7435275CBBE000EC28A5 /* LAnotte_appApp.swift */,
				8E3E7439275CBBE300EC28A5 /* Assets.xcassets */,
				8E3E743B275CBBE300EC28A5 /* Preview Content */,
			);
			path = LAnotte_app;
			sourceTree = "<group>";
		};
		8E3E743B275CBBE300EC28A5 /* Preview Content */ = {
			isa = PBXGroup;
			children = (
				8E3E743C275CBBE300EC28A5 /* Preview Assets.xcassets */,
			);
			path = "Preview Content";
			sourceTree = "<group>";
		};
		8E3E7445275CBBE400EC28A5 /* LAnotte_appTests */ = {
			isa = PBXGroup;
			children = (
				8E3E7446275CBBE400EC28A5 /* LAnotte_appTests.swift */,
			);
			path = LAnotte_appTests;
			sourceTree = "<group>";
		};
		8E3E744F275CBBE400EC28A5 /* LAnotte_appUITests */ = {
			isa = PBXGroup;
			children = (
				8E3E7450275CBBE400EC28A5 /* LAnotte_appUITests.swift */,
				8E3E7452275CBBE400EC28A5 /* LAnotte_appUITestsLaunchTests.swift */,
			);
			path = LAnotte_appUITests;
			sourceTree = "<group>";
		};
		8E3E7467275CD43C00EC28A5 /* model */ = {
			isa = PBXGroup;
			children = (
				8E3E746B275CD49B00EC28A5 /* Product_class.swift */,
				8E3E746D275CD8E400EC28A5 /* User.swift */,
				8E3E746F275CD94700EC28A5 /* Business_class.swift */,
				8E3E7471275CDA1A00EC28A5 /* Order.swift */,
				8E3E747F275E187A00EC28A5 /* Product.swift */,
				8E3E7481275E195C00EC28A5 /* Business.swift */,
			);
			path = model;
			sourceTree = "<group>";
		};
		8E3E7473275CDB6300EC28A5 /* views */ = {
			isa = PBXGroup;
			children = (
				8EA0ABB92760E31000038D54 /* view_model */,
				8EA0ABB82760E2F500038D54 /* defined_views */,
				8E3E748B275F79DC00EC28A5 /* view_modifiers */,
				8E3E7463275CCCF900EC28A5 /* ArchivioView.swift */,
				8E3E7437275CBBE000EC28A5 /* MainTabView.swift */,
				8E3E745F275CCC9800EC28A5 /* HomeView.swift */,
				8E3E7465275CCD0A00EC28A5 /* OrderView.swift */,
				8E3E7474275CDC5400EC28A5 /* LocaliView.swift */,
				8E3E7461275CCCD900EC28A5 /* PerMeView.swift */,
				8E3E7476275CDC6200EC28A5 /* ProdottiView.swift */,
				8E3E7487275F739D00EC28A5 /* BusinessDetailView.swift */,
			);
			path = views;
			sourceTree = "<group>";
		};
		8E3E7478275D1E0300EC28A5 /* data_utility */ = {
			isa = PBXGroup;
			children = (
				8E3E747B275D1E4B00EC28A5 /* Global_variables.swift */,
				8E2463992766503F0047455D /* KeychainHelper.swift */,
				8E24639B276769BC0047455D /* DateConverter.swift */,
				8E3BAD66277CD667004756FB /* ApplePayManager.swift */,
			);
			path = data_utility;
			sourceTree = "<group>";
		};
		8E3E748B275F79DC00EC28A5 /* view_modifiers */ = {
			isa = PBXGroup;
			children = (
				8E3E7489275F78EB00EC28A5 /* HiddenNavigationBar.swift */,
			);
			path = view_modifiers;
			sourceTree = "<group>";
		};
		8EA0ABB82760E2F500038D54 /* defined_views */ = {
			isa = PBXGroup;
			children = (
				8EA0ABB62760E1A400038D54 /* LAnotteProductPriceView.swift */,
				8E3E7485275F6CEB00EC28A5 /* LAnotteRoundedImageView.swift */,
				8EA0ABBA2761063D00038D54 /* LAnotteProductIngredientsView.swift */,
				8EA0ABBC2761069800038D54 /* LAnotteProductNameAndStampsView.swift */,
				8EE7124B277249E200422F32 /* LAnotteSearchBar.swift */,
				8E3BAD64277C7463004756FB /* AddRemoveFavouriteView.swift */,
				8E3BAD68277CE1DD004756FB /* PaymentButton.swift */,
			);
			path = defined_views;
			sourceTree = "<group>";
		};
		8EA0ABB92760E31000038D54 /* view_model */ = {
			isa = PBXGroup;
			children = (
				8E3E7483275E971600EC28A5 /* LocaliViewModel.swift */,
				8E24639D2767D08D0047455D /* OrdersViewModel.swift */,
				8EA7B3962773A15100B34F65 /* UserViewModel.swift */,
			);
			path = view_model;
			sourceTree = "<group>";
		};
/* End PBXGroup section */

/* Begin PBXNativeTarget section */
		8E3E7431275CBBE000EC28A5 /* LAnotte_app */ = {
			isa = PBXNativeTarget;
			buildConfigurationList = 8E3E7456275CBBE400EC28A5 /* Build configuration list for PBXNativeTarget "LAnotte_app" */;
			buildPhases = (
				8E3E742E275CBBE000EC28A5 /* Sources */,
				8E3E742F275CBBE000EC28A5 /* Frameworks */,
				8E3E7430275CBBE000EC28A5 /* Resources */,
			);
			buildRules = (
			);
			dependencies = (
			);
			name = LAnotte_app;
			productName = LAnotte_app;
			productReference = 8E3E7432275CBBE000EC28A5 /* LAnotte_app.app */;
			productType = "com.apple.product-type.application";
		};
		8E3E7441275CBBE400EC28A5 /* LAnotte_appTests */ = {
			isa = PBXNativeTarget;
			buildConfigurationList = 8E3E7459275CBBE400EC28A5 /* Build configuration list for PBXNativeTarget "LAnotte_appTests" */;
			buildPhases = (
				8E3E743E275CBBE400EC28A5 /* Sources */,
				8E3E743F275CBBE400EC28A5 /* Frameworks */,
				8E3E7440275CBBE400EC28A5 /* Resources */,
			);
			buildRules = (
			);
			dependencies = (
				8E3E7444275CBBE400EC28A5 /* PBXTargetDependency */,
			);
			name = LAnotte_appTests;
			productName = LAnotte_appTests;
			productReference = 8E3E7442275CBBE400EC28A5 /* LAnotte_appTests.xctest */;
			productType = "com.apple.product-type.bundle.unit-test";
		};
		8E3E744B275CBBE400EC28A5 /* LAnotte_appUITests */ = {
			isa = PBXNativeTarget;
			buildConfigurationList = 8E3E745C275CBBE400EC28A5 /* Build configuration list for PBXNativeTarget "LAnotte_appUITests" */;
			buildPhases = (
				8E3E7448275CBBE400EC28A5 /* Sources */,
				8E3E7449275CBBE400EC28A5 /* Frameworks */,
				8E3E744A275CBBE400EC28A5 /* Resources */,
			);
			buildRules = (
			);
			dependencies = (
				8E3E744E275CBBE400EC28A5 /* PBXTargetDependency */,
			);
			name = LAnotte_appUITests;
			productName = LAnotte_appUITests;
			productReference = 8E3E744C275CBBE400EC28A5 /* LAnotte_appUITests.xctest */;
			productType = "com.apple.product-type.bundle.ui-testing";
		};
/* End PBXNativeTarget section */

/* Begin PBXProject section */
		8E3E742A275CBBE000EC28A5 /* Project object */ = {
			isa = PBXProject;
			attributes = {
				BuildIndependentTargetsInParallel = 1;
				LastSwiftUpdateCheck = 1310;
				LastUpgradeCheck = 1310;
				TargetAttributes = {
					8E3E7431275CBBE000EC28A5 = {
						CreatedOnToolsVersion = 13.1;
					};
					8E3E7441275CBBE400EC28A5 = {
						CreatedOnToolsVersion = 13.1;
						TestTargetID = 8E3E7431275CBBE000EC28A5;
					};
					8E3E744B275CBBE400EC28A5 = {
						CreatedOnToolsVersion = 13.1;
						TestTargetID = 8E3E7431275CBBE000EC28A5;
					};
				};
			};
			buildConfigurationList = 8E3E742D275CBBE000EC28A5 /* Build configuration list for PBXProject "LAnotte_app" */;
			compatibilityVersion = "Xcode 13.0";
			developmentRegion = en;
			hasScannedForEncodings = 0;
			knownRegions = (
				en,
				Base,
			);
			mainGroup = 8E3E7429275CBBE000EC28A5;
			productRefGroup = 8E3E7433275CBBE000EC28A5 /* Products */;
			projectDirPath = "";
			projectRoot = "";
			targets = (
				8E3E7431275CBBE000EC28A5 /* LAnotte_app */,
				8E3E7441275CBBE400EC28A5 /* LAnotte_appTests */,
				8E3E744B275CBBE400EC28A5 /* LAnotte_appUITests */,
			);
		};
/* End PBXProject section */

/* Begin PBXResourcesBuildPhase section */
		8E3E7430275CBBE000EC28A5 /* Resources */ = {
			isa = PBXResourcesBuildPhase;
			buildActionMask = 2147483647;
			files = (
				8E3E743D275CBBE300EC28A5 /* Preview Assets.xcassets in Resources */,
				8E3E743A275CBBE300EC28A5 /* Assets.xcassets in Resources */,
			);
			runOnlyForDeploymentPostprocessing = 0;
		};
		8E3E7440275CBBE400EC28A5 /* Resources */ = {
			isa = PBXResourcesBuildPhase;
			buildActionMask = 2147483647;
			files = (
			);
			runOnlyForDeploymentPostprocessing = 0;
		};
		8E3E744A275CBBE400EC28A5 /* Resources */ = {
			isa = PBXResourcesBuildPhase;
			buildActionMask = 2147483647;
			files = (
			);
			runOnlyForDeploymentPostprocessing = 0;
		};
/* End PBXResourcesBuildPhase section */

/* Begin PBXSourcesBuildPhase section */
		8E3E742E275CBBE000EC28A5 /* Sources */ = {
			isa = PBXSourcesBuildPhase;
			buildActionMask = 2147483647;
			files = (
				8E3E7438275CBBE000EC28A5 /* MainTabView.swift in Sources */,
				8E3BAD67277CD667004756FB /* ApplePayManager.swift in Sources */,
				8EE7124C277249E200422F32 /* LAnotteSearchBar.swift in Sources */,
				8E3E7480275E187A00EC28A5 /* Product.swift in Sources */,
				8E3E7477275CDC6200EC28A5 /* ProdottiView.swift in Sources */,
				8E3E7486275F6CEC00EC28A5 /* LAnotteRoundedImageView.swift in Sources */,
				8E24639E2767D08D0047455D /* OrdersViewModel.swift in Sources */,
				8E3BAD65277C7463004756FB /* AddRemoveFavouriteView.swift in Sources */,
				8E3E748A275F78EC00EC28A5 /* HiddenNavigationBar.swift in Sources */,
				8E3E7484275E971800EC28A5 /* LocaliViewModel.swift in Sources */,
				8EA0ABBB2761063D00038D54 /* LAnotteProductIngredientsView.swift in Sources */,
				8EA0ABB72760E1A400038D54 /* LAnotteProductPriceView.swift in Sources */,
				8E3E7464275CCCF900EC28A5 /* ArchivioView.swift in Sources */,
				8E3E7482275E195C00EC28A5 /* Business.swift in Sources */,
				8E3E7472275CDA1A00EC28A5 /* Order.swift in Sources */,
				8EA0ABBD2761069800038D54 /* LAnotteProductNameAndStampsView.swift in Sources */,
				8E3E7460275CCC9800EC28A5 /* HomeView.swift in Sources */,
				8E3E7462275CCCD900EC28A5 /* PerMeView.swift in Sources */,
				8E3E746E275CD8E400EC28A5 /* User.swift in Sources */,
				8E3E7475275CDC5400EC28A5 /* LocaliView.swift in Sources */,
				8E3E7466275CCD0A00EC28A5 /* OrderView.swift in Sources */,
				8E3E7488275F739D00EC28A5 /* BusinessDetailView.swift in Sources */,
				8E3E747C275D1E4B00EC28A5 /* Global_variables.swift in Sources */,
				8E3E7470275CD94700EC28A5 /* Business_class.swift in Sources */,
				8E3BAD69277CE1DD004756FB /* PaymentButton.swift in Sources */,
				8E24639C276769BD0047455D /* DateConverter.swift in Sources */,
				8E3E7436275CBBE000EC28A5 /* LAnotte_appApp.swift in Sources */,
				8E24639A276650400047455D /* KeychainHelper.swift in Sources */,
				8EA7B3972773A15100B34F65 /* UserViewModel.swift in Sources */,
				8E3E746C275CD49B00EC28A5 /* Product_class.swift in Sources */,
			);
			runOnlyForDeploymentPostprocessing = 0;
		};
		8E3E743E275CBBE400EC28A5 /* Sources */ = {
			isa = PBXSourcesBuildPhase;
			buildActionMask = 2147483647;
			files = (
				8E3E7447275CBBE400EC28A5 /* LAnotte_appTests.swift in Sources */,
			);
			runOnlyForDeploymentPostprocessing = 0;
		};
		8E3E7448275CBBE400EC28A5 /* Sources */ = {
			isa = PBXSourcesBuildPhase;
			buildActionMask = 2147483647;
			files = (
				8E3E7453275CBBE400EC28A5 /* LAnotte_appUITestsLaunchTests.swift in Sources */,
				8E3E7451275CBBE400EC28A5 /* LAnotte_appUITests.swift in Sources */,
			);
			runOnlyForDeploymentPostprocessing = 0;
		};
/* End PBXSourcesBuildPhase section */

/* Begin PBXTargetDependency section */
		8E3E7444275CBBE400EC28A5 /* PBXTargetDependency */ = {
			isa = PBXTargetDependency;
			target = 8E3E7431275CBBE000EC28A5 /* LAnotte_app */;
			targetProxy = 8E3E7443275CBBE400EC28A5 /* PBXContainerItemProxy */;
		};
		8E3E744E275CBBE400EC28A5 /* PBXTargetDependency */ = {
			isa = PBXTargetDependency;
			target = 8E3E7431275CBBE000EC28A5 /* LAnotte_app */;
			targetProxy = 8E3E744D275CBBE400EC28A5 /* PBXContainerItemProxy */;
		};
/* End PBXTargetDependency section */

/* Begin XCBuildConfiguration section */
		8E3E7454275CBBE400EC28A5 /* Debug */ = {
			isa = XCBuildConfiguration;
			buildSettings = {
				ALWAYS_SEARCH_USER_PATHS = NO;
				CLANG_ANALYZER_NONNULL = YES;
				CLANG_ANALYZER_NUMBER_OBJECT_CONVERSION = YES_AGGRESSIVE;
				CLANG_CXX_LANGUAGE_STANDARD = "gnu++17";
				CLANG_CXX_LIBRARY = "libc++";
				CLANG_ENABLE_MODULES = YES;
				CLANG_ENABLE_OBJC_ARC = YES;
				CLANG_ENABLE_OBJC_WEAK = YES;
				CLANG_WARN_BLOCK_CAPTURE_AUTORELEASING = YES;
				CLANG_WARN_BOOL_CONVERSION = YES;
				CLANG_WARN_COMMA = YES;
				CLANG_WARN_CONSTANT_CONVERSION = YES;
				CLANG_WARN_DEPRECATED_OBJC_IMPLEMENTATIONS = YES;
				CLANG_WARN_DIRECT_OBJC_ISA_USAGE = YES_ERROR;
				CLANG_WARN_DOCUMENTATION_COMMENTS = YES;
				CLANG_WARN_EMPTY_BODY = YES;
				CLANG_WARN_ENUM_CONVERSION = YES;
				CLANG_WARN_INFINITE_RECURSION = YES;
				CLANG_WARN_INT_CONVERSION = YES;
				CLANG_WARN_NON_LITERAL_NULL_CONVERSION = YES;
				CLANG_WARN_OBJC_IMPLICIT_RETAIN_SELF = YES;
				CLANG_WARN_OBJC_LITERAL_CONVERSION = YES;
				CLANG_WARN_OBJC_ROOT_CLASS = YES_ERROR;
				CLANG_WARN_QUOTED_INCLUDE_IN_FRAMEWORK_HEADER = YES;
				CLANG_WARN_RANGE_LOOP_ANALYSIS = YES;
				CLANG_WARN_STRICT_PROTOTYPES = YES;
				CLANG_WARN_SUSPICIOUS_MOVE = YES;
				CLANG_WARN_UNGUARDED_AVAILABILITY = YES_AGGRESSIVE;
				CLANG_WARN_UNREACHABLE_CODE = YES;
				CLANG_WARN__DUPLICATE_METHOD_MATCH = YES;
				COPY_PHASE_STRIP = NO;
				DEBUG_INFORMATION_FORMAT = dwarf;
				ENABLE_STRICT_OBJC_MSGSEND = YES;
				ENABLE_TESTABILITY = YES;
				GCC_C_LANGUAGE_STANDARD = gnu11;
				GCC_DYNAMIC_NO_PIC = NO;
				GCC_NO_COMMON_BLOCKS = YES;
				GCC_OPTIMIZATION_LEVEL = 0;
				GCC_PREPROCESSOR_DEFINITIONS = (
					"DEBUG=1",
					"$(inherited)",
				);
				GCC_WARN_64_TO_32_BIT_CONVERSION = YES;
				GCC_WARN_ABOUT_RETURN_TYPE = YES_ERROR;
				GCC_WARN_UNDECLARED_SELECTOR = YES;
				GCC_WARN_UNINITIALIZED_AUTOS = YES_AGGRESSIVE;
				GCC_WARN_UNUSED_FUNCTION = YES;
				GCC_WARN_UNUSED_VARIABLE = YES;
				IPHONEOS_DEPLOYMENT_TARGET = 15.0;
				MTL_ENABLE_DEBUG_INFO = INCLUDE_SOURCE;
				MTL_FAST_MATH = YES;
				ONLY_ACTIVE_ARCH = YES;
				SDKROOT = iphoneos;
				SWIFT_ACTIVE_COMPILATION_CONDITIONS = DEBUG;
				SWIFT_OPTIMIZATION_LEVEL = "-Onone";
			};
			name = Debug;
		};
		8E3E7455275CBBE400EC28A5 /* Release */ = {
			isa = XCBuildConfiguration;
			buildSettings = {
				ALWAYS_SEARCH_USER_PATHS = NO;
				CLANG_ANALYZER_NONNULL = YES;
				CLANG_ANALYZER_NUMBER_OBJECT_CONVERSION = YES_AGGRESSIVE;
				CLANG_CXX_LANGUAGE_STANDARD = "gnu++17";
				CLANG_CXX_LIBRARY = "libc++";
				CLANG_ENABLE_MODULES = YES;
				CLANG_ENABLE_OBJC_ARC = YES;
				CLANG_ENABLE_OBJC_WEAK = YES;
				CLANG_WARN_BLOCK_CAPTURE_AUTORELEASING = YES;
				CLANG_WARN_BOOL_CONVERSION = YES;
				CLANG_WARN_COMMA = YES;
				CLANG_WARN_CONSTANT_CONVERSION = YES;
				CLANG_WARN_DEPRECATED_OBJC_IMPLEMENTATIONS = YES;
				CLANG_WARN_DIRECT_OBJC_ISA_USAGE = YES_ERROR;
				CLANG_WARN_DOCUMENTATION_COMMENTS = YES;
				CLANG_WARN_EMPTY_BODY = YES;
				CLANG_WARN_ENUM_CONVERSION = YES;
				CLANG_WARN_INFINITE_RECURSION = YES;
				CLANG_WARN_INT_CONVERSION = YES;
				CLANG_WARN_NON_LITERAL_NULL_CONVERSION = YES;
				CLANG_WARN_OBJC_IMPLICIT_RETAIN_SELF = YES;
				CLANG_WARN_OBJC_LITERAL_CONVERSION = YES;
				CLANG_WARN_OBJC_ROOT_CLASS = YES_ERROR;
				CLANG_WARN_QUOTED_INCLUDE_IN_FRAMEWORK_HEADER = YES;
				CLANG_WARN_RANGE_LOOP_ANALYSIS = YES;
				CLANG_WARN_STRICT_PROTOTYPES = YES;
				CLANG_WARN_SUSPICIOUS_MOVE = YES;
				CLANG_WARN_UNGUARDED_AVAILABILITY = YES_AGGRESSIVE;
				CLANG_WARN_UNREACHABLE_CODE = YES;
				CLANG_WARN__DUPLICATE_METHOD_MATCH = YES;
				COPY_PHASE_STRIP = NO;
				DEBUG_INFORMATION_FORMAT = "dwarf-with-dsym";
				ENABLE_NS_ASSERTIONS = NO;
				ENABLE_STRICT_OBJC_MSGSEND = YES;
				GCC_C_LANGUAGE_STANDARD = gnu11;
				GCC_NO_COMMON_BLOCKS = YES;
				GCC_WARN_64_TO_32_BIT_CONVERSION = YES;
				GCC_WARN_ABOUT_RETURN_TYPE = YES_ERROR;
				GCC_WARN_UNDECLARED_SELECTOR = YES;
				GCC_WARN_UNINITIALIZED_AUTOS = YES_AGGRESSIVE;
				GCC_WARN_UNUSED_FUNCTION = YES;
				GCC_WARN_UNUSED_VARIABLE = YES;
				IPHONEOS_DEPLOYMENT_TARGET = 15.0;
				MTL_ENABLE_DEBUG_INFO = NO;
				MTL_FAST_MATH = YES;
				SDKROOT = iphoneos;
				SWIFT_COMPILATION_MODE = wholemodule;
				SWIFT_OPTIMIZATION_LEVEL = "-O";
				VALIDATE_PRODUCT = YES;
			};
			name = Release;
		};
		8E3E7457275CBBE400EC28A5 /* Debug */ = {
			isa = XCBuildConfiguration;
			buildSettings = {
				ASSETCATALOG_COMPILER_APPICON_NAME = AppIcon;
				ASSETCATALOG_COMPILER_GLOBAL_ACCENT_COLOR_NAME = AccentColor;
				CODE_SIGN_ENTITLEMENTS = LAnotte_app/LAnotte_app.entitlements;
				CODE_SIGN_STYLE = Automatic;
				CURRENT_PROJECT_VERSION = 1;
				DEVELOPMENT_ASSET_PATHS = "\"LAnotte_app/Preview Content\"";
				DEVELOPMENT_TEAM = 4X5G9WSZ87;
				ENABLE_PREVIEWS = YES;
				GENERATE_INFOPLIST_FILE = YES;
				INFOPLIST_KEY_UIApplicationSceneManifest_Generation = YES;
				INFOPLIST_KEY_UIApplicationSupportsIndirectInputEvents = YES;
				INFOPLIST_KEY_UILaunchScreen_Generation = YES;
				INFOPLIST_KEY_UISupportedInterfaceOrientations_iPad = "UIInterfaceOrientationPortrait UIInterfaceOrientationPortraitUpsideDown UIInterfaceOrientationLandscapeLeft UIInterfaceOrientationLandscapeRight";
				INFOPLIST_KEY_UISupportedInterfaceOrientations_iPhone = "UIInterfaceOrientationPortrait UIInterfaceOrientationLandscapeLeft UIInterfaceOrientationLandscapeRight";
				LD_RUNPATH_SEARCH_PATHS = (
					"$(inherited)",
					"@executable_path/Frameworks",
				);
				MARKETING_VERSION = 1.0;
				PRODUCT_BUNDLE_IDENTIFIER = it.demo.tesi.lanotteapp;
				PRODUCT_NAME = "$(TARGET_NAME)";
				SWIFT_EMIT_LOC_STRINGS = YES;
				SWIFT_VERSION = 5.0;
				TARGETED_DEVICE_FAMILY = 1;
			};
			name = Debug;
		};
		8E3E7458275CBBE400EC28A5 /* Release */ = {
			isa = XCBuildConfiguration;
			buildSettings = {
				ASSETCATALOG_COMPILER_APPICON_NAME = AppIcon;
				ASSETCATALOG_COMPILER_GLOBAL_ACCENT_COLOR_NAME = AccentColor;
				CODE_SIGN_ENTITLEMENTS = LAnotte_app/LAnotte_app.entitlements;
				CODE_SIGN_STYLE = Automatic;
				CURRENT_PROJECT_VERSION = 1;
				DEVELOPMENT_ASSET_PATHS = "\"LAnotte_app/Preview Content\"";
				DEVELOPMENT_TEAM = T5C42Q6E68;
				ENABLE_PREVIEWS = YES;
				GENERATE_INFOPLIST_FILE = YES;
				INFOPLIST_KEY_UIApplicationSceneManifest_Generation = YES;
				INFOPLIST_KEY_UIApplicationSupportsIndirectInputEvents = YES;
				INFOPLIST_KEY_UILaunchScreen_Generation = YES;
				INFOPLIST_KEY_UISupportedInterfaceOrientations_iPad = "UIInterfaceOrientationPortrait UIInterfaceOrientationPortraitUpsideDown UIInterfaceOrientationLandscapeLeft UIInterfaceOrientationLandscapeRight";
				INFOPLIST_KEY_UISupportedInterfaceOrientations_iPhone = "UIInterfaceOrientationPortrait UIInterfaceOrientationLandscapeLeft UIInterfaceOrientationLandscapeRight";
				LD_RUNPATH_SEARCH_PATHS = (
					"$(inherited)",
					"@executable_path/Frameworks",
				);
				MARKETING_VERSION = 1.0;
				PRODUCT_BUNDLE_IDENTIFIER = it.demo.tesi.lanotteapp;
				PRODUCT_NAME = "$(TARGET_NAME)";
				SWIFT_EMIT_LOC_STRINGS = YES;
				SWIFT_VERSION = 5.0;
				TARGETED_DEVICE_FAMILY = 1;
			};
			name = Release;
		};
		8E3E745A275CBBE400EC28A5 /* Debug */ = {
			isa = XCBuildConfiguration;
			buildSettings = {
				ALWAYS_EMBED_SWIFT_STANDARD_LIBRARIES = YES;
				BUNDLE_LOADER = "$(TEST_HOST)";
				CODE_SIGN_STYLE = Automatic;
				CURRENT_PROJECT_VERSION = 1;
				DEVELOPMENT_TEAM = T5C42Q6E68;
				GENERATE_INFOPLIST_FILE = YES;
				IPHONEOS_DEPLOYMENT_TARGET = 15.0;
				LD_RUNPATH_SEARCH_PATHS = (
					"$(inherited)",
					"@executable_path/Frameworks",
					"@loader_path/Frameworks",
				);
				MARKETING_VERSION = 1.0;
				PRODUCT_BUNDLE_IDENTIFIER = "claudiarecchia.LAnotte-appTests";
				PRODUCT_NAME = "$(TARGET_NAME)";
				SWIFT_EMIT_LOC_STRINGS = NO;
				SWIFT_VERSION = 5.0;
				TARGETED_DEVICE_FAMILY = "1,2";
				TEST_HOST = "$(BUILT_PRODUCTS_DIR)/LAnotte_app.app/LAnotte_app";
			};
			name = Debug;
		};
		8E3E745B275CBBE400EC28A5 /* Release */ = {
			isa = XCBuildConfiguration;
			buildSettings = {
				ALWAYS_EMBED_SWIFT_STANDARD_LIBRARIES = YES;
				BUNDLE_LOADER = "$(TEST_HOST)";
				CODE_SIGN_STYLE = Automatic;
				CURRENT_PROJECT_VERSION = 1;
				DEVELOPMENT_TEAM = T5C42Q6E68;
				GENERATE_INFOPLIST_FILE = YES;
				IPHONEOS_DEPLOYMENT_TARGET = 15.0;
				LD_RUNPATH_SEARCH_PATHS = (
					"$(inherited)",
					"@executable_path/Frameworks",
					"@loader_path/Frameworks",
				);
				MARKETING_VERSION = 1.0;
				PRODUCT_BUNDLE_IDENTIFIER = "claudiarecchia.LAnotte-appTests";
				PRODUCT_NAME = "$(TARGET_NAME)";
				SWIFT_EMIT_LOC_STRINGS = NO;
				SWIFT_VERSION = 5.0;
				TARGETED_DEVICE_FAMILY = "1,2";
				TEST_HOST = "$(BUILT_PRODUCTS_DIR)/LAnotte_app.app/LAnotte_app";
			};
			name = Release;
		};
		8E3E745D275CBBE400EC28A5 /* Debug */ = {
			isa = XCBuildConfiguration;
			buildSettings = {
				ALWAYS_EMBED_SWIFT_STANDARD_LIBRARIES = YES;
				CODE_SIGN_STYLE = Automatic;
				CURRENT_PROJECT_VERSION = 1;
				DEVELOPMENT_TEAM = T5C42Q6E68;
				GENERATE_INFOPLIST_FILE = YES;
				LD_RUNPATH_SEARCH_PATHS = (
					"$(inherited)",
					"@executable_path/Frameworks",
					"@loader_path/Frameworks",
				);
				MARKETING_VERSION = 1.0;
				PRODUCT_BUNDLE_IDENTIFIER = "claudiarecchia.LAnotte-appUITests";
				PRODUCT_NAME = "$(TARGET_NAME)";
				SWIFT_EMIT_LOC_STRINGS = NO;
				SWIFT_VERSION = 5.0;
				TARGETED_DEVICE_FAMILY = "1,2";
				TEST_TARGET_NAME = LAnotte_app;
			};
			name = Debug;
		};
		8E3E745E275CBBE400EC28A5 /* Release */ = {
			isa = XCBuildConfiguration;
			buildSettings = {
				ALWAYS_EMBED_SWIFT_STANDARD_LIBRARIES = YES;
				CODE_SIGN_STYLE = Automatic;
				CURRENT_PROJECT_VERSION = 1;
				DEVELOPMENT_TEAM = T5C42Q6E68;
				GENERATE_INFOPLIST_FILE = YES;
				LD_RUNPATH_SEARCH_PATHS = (
					"$(inherited)",
					"@executable_path/Frameworks",
					"@loader_path/Frameworks",
				);
				MARKETING_VERSION = 1.0;
				PRODUCT_BUNDLE_IDENTIFIER = "claudiarecchia.LAnotte-appUITests";
				PRODUCT_NAME = "$(TARGET_NAME)";
				SWIFT_EMIT_LOC_STRINGS = NO;
				SWIFT_VERSION = 5.0;
				TARGETED_DEVICE_FAMILY = "1,2";
				TEST_TARGET_NAME = LAnotte_app;
			};
			name = Release;
		};
/* End XCBuildConfiguration section */

/* Begin XCConfigurationList section */
		8E3E742D275CBBE000EC28A5 /* Build configuration list for PBXProject "LAnotte_app" */ = {
			isa = XCConfigurationList;
			buildConfigurations = (
				8E3E7454275CBBE400EC28A5 /* Debug */,
				8E3E7455275CBBE400EC28A5 /* Release */,
			);
			defaultConfigurationIsVisible = 0;
			defaultConfigurationName = Release;
		};
		8E3E7456275CBBE400EC28A5 /* Build configuration list for PBXNativeTarget "LAnotte_app" */ = {
			isa = XCConfigurationList;
			buildConfigurations = (
				8E3E7457275CBBE400EC28A5 /* Debug */,
				8E3E7458275CBBE400EC28A5 /* Release */,
			);
			defaultConfigurationIsVisible = 0;
			defaultConfigurationName = Release;
		};
		8E3E7459275CBBE400EC28A5 /* Build configuration list for PBXNativeTarget "LAnotte_appTests" */ = {
			isa = XCConfigurationList;
			buildConfigurations = (
				8E3E745A275CBBE400EC28A5 /* Debug */,
				8E3E745B275CBBE400EC28A5 /* Release */,
			);
			defaultConfigurationIsVisible = 0;
			defaultConfigurationName = Release;
		};
		8E3E745C275CBBE400EC28A5 /* Build configuration list for PBXNativeTarget "LAnotte_appUITests" */ = {
			isa = XCConfigurationList;
			buildConfigurations = (
				8E3E745D275CBBE400EC28A5 /* Debug */,
				8E3E745E275CBBE400EC28A5 /* Release */,
			);
			defaultConfigurationIsVisible = 0;
			defaultConfigurationName = Release;
		};
/* End XCConfigurationList section */
	};
	rootObject = 8E3E742A275CBBE000EC28A5 /* Project object */;
}
